
Microsoft Visual Studio Solution File, Format Version 12.00
# Visual Studio Version 16
VisualStudioVersion = 16.0.32002.261
MinimumVisualStudioVersion = 10.0.40219.1
Project("{9A19103F-16F7-4668-BE54-9A1E7A4F7556}") = "EstoqueWeb", "EstoqueWeb\EstoqueWeb.csproj", "{8AB8A51C-B941-4DE1-8631-84E60B38D017}"
EndProject
Global
	GlobalSection(SolutionConfigurationPlatforms) = preSolution
		Debug|Any CPU = Debug|Any CPU
		Release|Any CPU = Release|Any CPU
	EndGlobalSection
	GlobalSection(ProjectConfigurationPlatforms) = postSolution
		{8AB8A51C-B941-4DE1-8631-84E60B38D017}.Debug|Any CPU.ActiveCfg = Debug|Any CPU
		{8AB8A51C-B941-4DE1-8631-84E60B38D017}.Debug|Any CPU.Build.0 = Debug|Any CPU
		{8AB8A51C-B941-4DE1-8631-84E60B38D017}.Release|Any CPU.ActiveCfg = Release|Any CPU
		{8AB8A51C-B941-4DE1-8631-84E60B38D017}.Release|Any CPU.Build.0 = Release|Any CPU
	EndGlobalSection
	GlobalSection(SolutionProperties) = preSolution
		HideSolutionNode = FALSE
	EndGlobalSection
	GlobalSection(ExtensibilityGlobals) = postSolution
		SolutionGuid = {F0815E5E-D43A-4BC4-97A1-6BB60C539AAC}
	EndGlobalSection
EndGlobal
